// !$*UTF8*$!
{
	archiveVersion = 1;
	classes = {
	};
	objectVersion = 50;
	objects = {

/* Begin PBXBuildFile section */
		CA91CCA9244DD69400B3AB30 /* AppDelegate.swift in Sources */ = {isa = PBXBuildFile; fileRef = CA91CCA8244DD69400B3AB30 /* AppDelegate.swift */; };
		CA91CCAB244DD69400B3AB30 /* SceneDelegate.swift in Sources */ = {isa = PBXBuildFile; fileRef = CA91CCAA244DD69400B3AB30 /* SceneDelegate.swift */; };
		CA91CCB2244DD69600B3AB30 /* Assets.xcassets in Resources */ = {isa = PBXBuildFile; fileRef = CA91CCB1244DD69600B3AB30 /* Assets.xcassets */; };
		CA91CCB5244DD69600B3AB30 /* LaunchScreen.storyboard in Resources */ = {isa = PBXBuildFile; fileRef = CA91CCB3244DD69600B3AB30 /* LaunchScreen.storyboard */; };
		CA91CCC2244DEBA900B3AB30 /* SearchVC.swift in Sources */ = {isa = PBXBuildFile; fileRef = CA91CCC1244DEBA900B3AB30 /* SearchVC.swift */; };
		CA91CCC4244DEBDD00B3AB30 /* CharacterInfoVC.swift in Sources */ = {isa = PBXBuildFile; fileRef = CA91CCC3244DEBDD00B3AB30 /* CharacterInfoVC.swift */; };
		CA91CCC6244DEC0300B3AB30 /* FavoritesVC.swift in Sources */ = {isa = PBXBuildFile; fileRef = CA91CCC5244DEC0300B3AB30 /* FavoritesVC.swift */; };
		CA91CCC9244DEC6200B3AB30 /* BBTabBarController.swift in Sources */ = {isa = PBXBuildFile; fileRef = CA91CCC8244DEC6200B3AB30 /* BBTabBarController.swift */; };
/* End PBXBuildFile section */

/* Begin PBXFileReference section */
		CA91CCA5244DD69400B3AB30 /* MVC-BreakingBadAPI.app */ = {isa = PBXFileReference; explicitFileType = wrapper.application; includeInIndex = 0; path = "MVC-BreakingBadAPI.app"; sourceTree = BUILT_PRODUCTS_DIR; };
		CA91CCA8244DD69400B3AB30 /* AppDelegate.swift */ = {isa = PBXFileReference; lastKnownFileType = sourcecode.swift; path = AppDelegate.swift; sourceTree = "<group>"; };
		CA91CCAA244DD69400B3AB30 /* SceneDelegate.swift */ = {isa = PBXFileReference; lastKnownFileType = sourcecode.swift; path = SceneDelegate.swift; sourceTree = "<group>"; };
		CA91CCB1244DD69600B3AB30 /* Assets.xcassets */ = {isa = PBXFileReference; lastKnownFileType = folder.assetcatalog; path = Assets.xcassets; sourceTree = "<group>"; };
		CA91CCB4244DD69600B3AB30 /* Base */ = {isa = PBXFileReference; lastKnownFileType = file.storyboard; name = Base; path = Base.lproj/LaunchScreen.storyboard; sourceTree = "<group>"; };
		CA91CCB6244DD69600B3AB30 /* Info.plist */ = {isa = PBXFileReference; lastKnownFileType = text.plist.xml; path = Info.plist; sourceTree = "<group>"; };
		CA91CCC1244DEBA900B3AB30 /* SearchVC.swift */ = {isa = PBXFileReference; lastKnownFileType = sourcecode.swift; path = SearchVC.swift; sourceTree = "<group>"; };
		CA91CCC3244DEBDD00B3AB30 /* CharacterInfoVC.swift */ = {isa = PBXFileReference; lastKnownFileType = sourcecode.swift; path = CharacterInfoVC.swift; sourceTree = "<group>"; };
		CA91CCC5244DEC0300B3AB30 /* FavoritesVC.swift */ = {isa = PBXFileReference; lastKnownFileType = sourcecode.swift; path = FavoritesVC.swift; sourceTree = "<group>"; };
		CA91CCC8244DEC6200B3AB30 /* BBTabBarController.swift */ = {isa = PBXFileReference; lastKnownFileType = sourcecode.swift; path = BBTabBarController.swift; sourceTree = "<group>"; };
/* End PBXFileReference section */

/* Begin PBXFrameworksBuildPhase section */
		CA91CCA2244DD69400B3AB30 /* Frameworks */ = {
			isa = PBXFrameworksBuildPhase;
			buildActionMask = 2147483647;
			files = (
			);
			runOnlyForDeploymentPostprocessing = 0;
		};
/* End PBXFrameworksBuildPhase section */

/* Begin PBXGroup section */
		CA91CC9C244DD69400B3AB30 = {
			isa = PBXGroup;
			children = (
				CA91CCA7244DD69400B3AB30 /* MVC-BreakingBadAPI */,
				CA91CCA6244DD69400B3AB30 /* Products */,
			);
			sourceTree = "<group>";
		};
		CA91CCA6244DD69400B3AB30 /* Products */ = {
			isa = PBXGroup;
			children = (
				CA91CCA5244DD69400B3AB30 /* MVC-BreakingBadAPI.app */,
			);
			name = Products;
			sourceTree = "<group>";
		};
		CA91CCA7244DD69400B3AB30 /* MVC-BreakingBadAPI */ = {
			isa = PBXGroup;
			children = (
				CA91CCBC244DE86F00B3AB30 /* Model */,
				CA91CCBD244DE87D00B3AB30 /* View */,
				CA91CCBE244DE88A00B3AB30 /* Controllers */,
				CA91CCC7244DEC3000B3AB30 /* Custom Views */,
				CA91CCBF244DE89F00B3AB30 /* Supporting Files */,
				CA91CCC0244DE8CE00B3AB30 /* Resourse */,
			);
			path = "MVC-BreakingBadAPI";
			sourceTree = "<group>";
		};
		CA91CCBC244DE86F00B3AB30 /* Model */ = {
			isa = PBXGroup;
			children = (
			);
			path = Model;
			sourceTree = "<group>";
		};
		CA91CCBD244DE87D00B3AB30 /* View */ = {
			isa = PBXGroup;
			children = (
			);
			path = View;
			sourceTree = "<group>";
		};
		CA91CCBE244DE88A00B3AB30 /* Controllers */ = {
			isa = PBXGroup;
			children = (
				CA91CCC1244DEBA900B3AB30 /* SearchVC.swift */,
				CA91CCC3244DEBDD00B3AB30 /* CharacterInfoVC.swift */,
				CA91CCC5244DEC0300B3AB30 /* FavoritesVC.swift */,
			);
			path = Controllers;
			sourceTree = "<group>";
		};
		CA91CCBF244DE89F00B3AB30 /* Supporting Files */ = {
			isa = PBXGroup;
			children = (
				CA91CCA8244DD69400B3AB30 /* AppDelegate.swift */,
				CA91CCAA244DD69400B3AB30 /* SceneDelegate.swift */,
				CA91CCB6244DD69600B3AB30 /* Info.plist */,
			);
			path = "Supporting Files";
			sourceTree = "<group>";
		};
		CA91CCC0244DE8CE00B3AB30 /* Resourse */ = {
			isa = PBXGroup;
			children = (
				CA91CCB3244DD69600B3AB30 /* LaunchScreen.storyboard */,
				CA91CCB1244DD69600B3AB30 /* Assets.xcassets */,
			);
			path = Resourse;
			sourceTree = "<group>";
		};
		CA91CCC7244DEC3000B3AB30 /* Custom Views */ = {
			isa = PBXGroup;
			children = (
				CA91CCC8244DEC6200B3AB30 /* BBTabBarController.swift */,
			);
			path = "Custom Views";
			sourceTree = "<group>";
		};
/* End PBXGroup section */

/* Begin PBXNativeTarget section */
		CA91CCA4244DD69400B3AB30 /* MVC-BreakingBadAPI */ = {
			isa = PBXNativeTarget;
			buildConfigurationList = CA91CCB9244DD69600B3AB30 /* Build configuration list for PBXNativeTarget "MVC-BreakingBadAPI" */;
			buildPhases = (
				CA91CCA1244DD69400B3AB30 /* Sources */,
				CA91CCA2244DD69400B3AB30 /* Frameworks */,
				CA91CCA3244DD69400B3AB30 /* Resources */,
			);
			buildRules = (
			);
			dependencies = (
			);
			name = "MVC-BreakingBadAPI";
			productName = "MVC-BreakingBadAPI";
			productReference = CA91CCA5244DD69400B3AB30 /* MVC-BreakingBadAPI.app */;
			productType = "com.apple.product-type.application";
		};
/* End PBXNativeTarget section */

/* Begin PBXProject section */
		CA91CC9D244DD69400B3AB30 /* Project object */ = {
			isa = PBXProject;
			attributes = {
				LastSwiftUpdateCheck = 1140;
				LastUpgradeCheck = 1140;
				ORGANIZATIONNAME = "Iurii Popov";
				TargetAttributes = {
					CA91CCA4244DD69400B3AB30 = {
						CreatedOnToolsVersion = 11.4;
					};
				};
			};
			buildConfigurationList = CA91CCA0244DD69400B3AB30 /* Build configuration list for PBXProject "MVC-BreakingBadAPI" */;
			compatibilityVersion = "Xcode 9.3";
			developmentRegion = en;
			hasScannedForEncodings = 0;
			knownRegions = (
				en,
				Base,
			);
			mainGroup = CA91CC9C244DD69400B3AB30;
			productRefGroup = CA91CCA6244DD69400B3AB30 /* Products */;
			projectDirPath = "";
			projectRoot = "";
			targets = (
				CA91CCA4244DD69400B3AB30 /* MVC-BreakingBadAPI */,
			);
		};
/* End PBXProject section */

/* Begin PBXResourcesBuildPhase section */
		CA91CCA3244DD69400B3AB30 /* Resources */ = {
			isa = PBXResourcesBuildPhase;
			buildActionMask = 2147483647;
			files = (
				CA91CCB5244DD69600B3AB30 /* LaunchScreen.storyboard in Resources */,
				CA91CCB2244DD69600B3AB30 /* Assets.xcassets in Resources */,
			);
			runOnlyForDeploymentPostprocessing = 0;
		};
/* End PBXResourcesBuildPhase section */

/* Begin PBXSourcesBuildPhase section */
		CA91CCA1244DD69400B3AB30 /* Sources */ = {
			isa = PBXSourcesBuildPhase;
			buildActionMask = 2147483647;
			files = (
				CA91CCC6244DEC0300B3AB30 /* FavoritesVC.swift in Sources */,
				CA91CCC2244DEBA900B3AB30 /* SearchVC.swift in Sources */,
				CA91CCA9244DD69400B3AB30 /* AppDelegate.swift in Sources */,
				CA91CCC4244DEBDD00B3AB30 /* CharacterInfoVC.swift in Sources */,
				CA91CCAB244DD69400B3AB30 /* SceneDelegate.swift in Sources */,
				CA91CCC9244DEC6200B3AB30 /* BBTabBarController.swift in Sources */,
			);
			runOnlyForDeploymentPostprocessing = 0;
		};
/* End PBXSourcesBuildPhase section */

/* Begin PBXVariantGroup section */
		CA91CCB3244DD69600B3AB30 /* LaunchScreen.storyboard */ = {
			isa = PBXVariantGroup;
			children = (
				CA91CCB4244DD69600B3AB30 /* Base */,
			);
			name = LaunchScreen.storyboard;
			sourceTree = "<group>";
		};
/* End PBXVariantGroup section */

/* Begin XCBuildConfiguration section */
		CA91CCB7244DD69600B3AB30 /* Debug */ = {
			isa = XCBuildConfiguration;
			buildSettings = {
				ALWAYS_SEARCH_USER_PATHS = NO;
				CLANG_ANALYZER_NONNULL = YES;
				CLANG_ANALYZER_NUMBER_OBJECT_CONVERSION = YES_AGGRESSIVE;
				CLANG_CXX_LANGUAGE_STANDARD = "gnu++14";
				CLANG_CXX_LIBRARY = "libc++";
				CLANG_ENABLE_MODULES = YES;
				CLANG_ENABLE_OBJC_ARC = YES;
				CLANG_ENABLE_OBJC_WEAK = YES;
				CLANG_WARN_BLOCK_CAPTURE_AUTORELEASING = YES;
				CLANG_WARN_BOOL_CONVERSION = YES;
				CLANG_WARN_COMMA = YES;
				CLANG_WARN_CONSTANT_CONVERSION = YES;
				CLANG_WARN_DEPRECATED_OBJC_IMPLEMENTATIONS = YES;
				CLANG_WARN_DIRECT_OBJC_ISA_USAGE = YES_ERROR;
				CLANG_WARN_DOCUMENTATION_COMMENTS = YES;
				CLANG_WARN_EMPTY_BODY = YES;
				CLANG_WARN_ENUM_CONVERSION = YES;
				CLANG_WARN_INFINITE_RECURSION = YES;
				CLANG_WARN_INT_CONVERSION = YES;
				CLANG_WARN_NON_LITERAL_NULL_CONVERSION = YES;
				CLANG_WARN_OBJC_IMPLICIT_RETAIN_SELF = YES;
				CLANG_WARN_OBJC_LITERAL_CONVERSION = YES;
				CLANG_WARN_OBJC_ROOT_CLASS = YES_ERROR;
				CLANG_WARN_RANGE_LOOP_ANALYSIS = YES;
				CLANG_WARN_STRICT_PROTOTYPES = YES;
				CLANG_WARN_SUSPICIOUS_MOVE = YES;
				CLANG_WARN_UNGUARDED_AVAILABILITY = YES_AGGRESSIVE;
				CLANG_WARN_UNREACHABLE_CODE = YES;
				CLANG_WARN__DUPLICATE_METHOD_MATCH = YES;
				COPY_PHASE_STRIP = NO;
				DEBUG_INFORMATION_FORMAT = dwarf;
				ENABLE_STRICT_OBJC_MSGSEND = YES;
				ENABLE_TESTABILITY = YES;
				GCC_C_LANGUAGE_STANDARD = gnu11;
				GCC_DYNAMIC_NO_PIC = NO;
				GCC_NO_COMMON_BLOCKS = YES;
				GCC_OPTIMIZATION_LEVEL = 0;
				GCC_PREPROCESSOR_DEFINITIONS = (
					"DEBUG=1",
					"$(inherited)",
				);
				GCC_WARN_64_TO_32_BIT_CONVERSION = YES;
				GCC_WARN_ABOUT_RETURN_TYPE = YES_ERROR;
				GCC_WARN_UNDECLARED_SELECTOR = YES;
				GCC_WARN_UNINITIALIZED_AUTOS = YES_AGGRESSIVE;
				GCC_WARN_UNUSED_FUNCTION = YES;
				GCC_WARN_UNUSED_VARIABLE = YES;
				IPHONEOS_DEPLOYMENT_TARGET = 13.4;
				MTL_ENABLE_DEBUG_INFO = INCLUDE_SOURCE;
				MTL_FAST_MATH = YES;
				ONLY_ACTIVE_ARCH = YES;
				SDKROOT = iphoneos;
				SWIFT_ACTIVE_COMPILATION_CONDITIONS = DEBUG;
				SWIFT_OPTIMIZATION_LEVEL = "-Onone";
			};
			name = Debug;
		};
		CA91CCB8244DD69600B3AB30 /* Release */ = {
			isa = XCBuildConfiguration;
			buildSettings = {
				ALWAYS_SEARCH_USER_PATHS = NO;
				CLANG_ANALYZER_NONNULL = YES;
				CLANG_ANALYZER_NUMBER_OBJECT_CONVERSION = YES_AGGRESSIVE;
				CLANG_CXX_LANGUAGE_STANDARD = "gnu++14";
				CLANG_CXX_LIBRARY = "libc++";
				CLANG_ENABLE_MODULES = YES;
				CLANG_ENABLE_OBJC_ARC = YES;
				CLANG_ENABLE_OBJC_WEAK = YES;
				CLANG_WARN_BLOCK_CAPTURE_AUTORELEASING = YES;
				CLANG_WARN_BOOL_CONVERSION = YES;
				CLANG_WARN_COMMA = YES;
				CLANG_WARN_CONSTANT_CONVERSION = YES;
				CLANG_WARN_DEPRECATED_OBJC_IMPLEMENTATIONS = YES;
				CLANG_WARN_DIRECT_OBJC_ISA_USAGE = YES_ERROR;
				CLANG_WARN_DOCUMENTATION_COMMENTS = YES;
				CLANG_WARN_EMPTY_BODY = YES;
				CLANG_WARN_ENUM_CONVERSION = YES;
				CLANG_WARN_INFINITE_RECURSION = YES;
				CLANG_WARN_INT_CONVERSION = YES;
				CLANG_WARN_NON_LITERAL_NULL_CONVERSION = YES;
				CLANG_WARN_OBJC_IMPLICIT_RETAIN_SELF = YES;
				CLANG_WARN_OBJC_LITERAL_CONVERSION = YES;
				CLANG_WARN_OBJC_ROOT_CLASS = YES_ERROR;
				CLANG_WARN_RANGE_LOOP_ANALYSIS = YES;
				CLANG_WARN_STRICT_PROTOTYPES = YES;
				CLANG_WARN_SUSPICIOUS_MOVE = YES;
				CLANG_WARN_UNGUARDED_AVAILABILITY = YES_AGGRESSIVE;
				CLANG_WARN_UNREACHABLE_CODE = YES;
				CLANG_WARN__DUPLICATE_METHOD_MATCH = YES;
				COPY_PHASE_STRIP = NO;
				DEBUG_INFORMATION_FORMAT = "dwarf-with-dsym";
				ENABLE_NS_ASSERTIONS = NO;
				ENABLE_STRICT_OBJC_MSGSEND = YES;
				GCC_C_LANGUAGE_STANDARD = gnu11;
				GCC_NO_COMMON_BLOCKS = YES;
				GCC_WARN_64_TO_32_BIT_CONVERSION = YES;
				GCC_WARN_ABOUT_RETURN_TYPE = YES_ERROR;
				GCC_WARN_UNDECLARED_SELECTOR = YES;
				GCC_WARN_UNINITIALIZED_AUTOS = YES_AGGRESSIVE;
				GCC_WARN_UNUSED_FUNCTION = YES;
				GCC_WARN_UNUSED_VARIABLE = YES;
				IPHONEOS_DEPLOYMENT_TARGET = 13.4;
				MTL_ENABLE_DEBUG_INFO = NO;
				MTL_FAST_MATH = YES;
				SDKROOT = iphoneos;
				SWIFT_COMPILATION_MODE = wholemodule;
				SWIFT_OPTIMIZATION_LEVEL = "-O";
				VALIDATE_PRODUCT = YES;
			};
			name = Release;
		};
		CA91CCBA244DD69600B3AB30 /* Debug */ = {
			isa = XCBuildConfiguration;
			buildSettings = {
				ASSETCATALOG_COMPILER_APPICON_NAME = AppIcon;
				CODE_SIGN_STYLE = Automatic;
				DEVELOPMENT_TEAM = 54SGD4HVN5;
				INFOPLIST_FILE = "MVC-BreakingBadAPI/Supporting Files/Info.plist";
				LD_RUNPATH_SEARCH_PATHS = (
					"$(inherited)",
					"@executable_path/Frameworks",
				);
				PRODUCT_BUNDLE_IDENTIFIER = "com.IuriiPopov.MVC-BreakingBadAPI";
				PRODUCT_NAME = "$(TARGET_NAME)";
				SWIFT_VERSION = 5.0;
				TARGETED_DEVICE_FAMILY = 1;
			};
			name = Debug;
		};
		CA91CCBB244DD69600B3AB30 /* Release */ = {
			isa = XCBuildConfiguration;
			buildSettings = {
				ASSETCATALOG_COMPILER_APPICON_NAME = AppIcon;
				CODE_SIGN_STYLE = Automatic;
				DEVELOPMENT_TEAM = 54SGD4HVN5;
				INFOPLIST_FILE = "MVC-BreakingBadAPI/Supporting Files/Info.plist";
				LD_RUNPATH_SEARCH_PATHS = (
					"$(inherited)",
					"@executable_path/Frameworks",
				);
				PRODUCT_BUNDLE_IDENTIFIER = "com.IuriiPopov.MVC-BreakingBadAPI";
				PRODUCT_NAME = "$(TARGET_NAME)";
				SWIFT_VERSION = 5.0;
				TARGETED_DEVICE_FAMILY = 1;
			};
			name = Release;
		};
/* End XCBuildConfiguration section */

/* Begin XCConfigurationList section */
		CA91CCA0244DD69400B3AB30 /* Build configuration list for PBXProject "MVC-BreakingBadAPI" */ = {
			isa = XCConfigurationList;
			buildConfigurations = (
				CA91CCB7244DD69600B3AB30 /* Debug */,
				CA91CCB8244DD69600B3AB30 /* Release */,
			);
			defaultConfigurationIsVisible = 0;
			defaultConfigurationName = Release;
		};
		CA91CCB9244DD69600B3AB30 /* Build configuration list for PBXNativeTarget "MVC-BreakingBadAPI" */ = {
			isa = XCConfigurationList;
			buildConfigurations = (
				CA91CCBA244DD69600B3AB30 /* Debug */,
				CA91CCBB244DD69600B3AB30 /* Release */,
			);
			defaultConfigurationIsVisible = 0;
			defaultConfigurationName = Release;
		};
/* End XCConfigurationList section */
	};
	rootObject = CA91CC9D244DD69400B3AB30 /* Project object */;
}
